// !$*UTF8*$!
{
	archiveVersion = 1;
	classes = {
	};
	objectVersion = 46;
	objects = {

/* Begin PBXBuildFile section */
		B42012651E0D360600ADE7AE /* main.m in Sources */ = {isa = PBXBuildFile; fileRef = B42012641E0D360600ADE7AE /* main.m */; };
		B42012681E0D360600ADE7AE /* AppDelegate.m in Sources */ = {isa = PBXBuildFile; fileRef = B42012671E0D360600ADE7AE /* AppDelegate.m */; };
		B42012701E0D360600ADE7AE /* Assets.xcassets in Resources */ = {isa = PBXBuildFile; fileRef = B420126F1E0D360600ADE7AE /* Assets.xcassets */; };
		B42012891E0D373900ADE7AE /* ViewController.m in Sources */ = {isa = PBXBuildFile; fileRef = B420127C1E0D373800ADE7AE /* ViewController.m */; };
		B420128A1E0D373900ADE7AE /* LaunchScreen.storyboard in Resources */ = {isa = PBXBuildFile; fileRef = B420127F1E0D373800ADE7AE /* LaunchScreen.storyboard */; };
		B420128C1E0D373900ADE7AE /* InputComposer.m in Sources */ = {isa = PBXBuildFile; fileRef = B42012841E0D373900ADE7AE /* InputComposer.m */; };
		B420128D1E0D373900ADE7AE /* KeyboardView.m in Sources */ = {isa = PBXBuildFile; fileRef = B42012871E0D373900ADE7AE /* KeyboardView.m */; };
		B420128E1E0D373900ADE7AE /* KeyboardView.xib in Resources */ = {isa = PBXBuildFile; fileRef = B42012881E0D373900ADE7AE /* KeyboardView.xib */; };
		B42012901E0D394300ADE7AE /* Main.storyboard in Resources */ = {isa = PBXBuildFile; fileRef = B420128F1E0D394300ADE7AE /* Main.storyboard */; };
/* End PBXBuildFile section */

/* Begin PBXFileReference section */
		B42012601E0D360600ADE7AE /* KeyboardCalculator.app */ = {isa = PBXFileReference; explicitFileType = wrapper.application; includeInIndex = 0; path = KeyboardCalculator.app; sourceTree = BUILT_PRODUCTS_DIR; };
		B42012641E0D360600ADE7AE /* main.m */ = {isa = PBXFileReference; lastKnownFileType = sourcecode.c.objc; path = main.m; sourceTree = "<group>"; };
		B42012661E0D360600ADE7AE /* AppDelegate.h */ = {isa = PBXFileReference; lastKnownFileType = sourcecode.c.h; path = AppDelegate.h; sourceTree = "<group>"; };
		B42012671E0D360600ADE7AE /* AppDelegate.m */ = {isa = PBXFileReference; lastKnownFileType = sourcecode.c.objc; path = AppDelegate.m; sourceTree = "<group>"; };
		B420126F1E0D360600ADE7AE /* Assets.xcassets */ = {isa = PBXFileReference; lastKnownFileType = folder.assetcatalog; path = Assets.xcassets; sourceTree = "<group>"; };
		B42012741E0D360600ADE7AE /* Info.plist */ = {isa = PBXFileReference; lastKnownFileType = text.plist.xml; path = Info.plist; sourceTree = "<group>"; };
		B420127B1E0D373800ADE7AE /* ViewController.h */ = {isa = PBXFileReference; fileEncoding = 4; lastKnownFileType = sourcecode.c.h; path = ViewController.h; sourceTree = "<group>"; };
		B420127C1E0D373800ADE7AE /* ViewController.m */ = {isa = PBXFileReference; fileEncoding = 4; lastKnownFileType = sourcecode.c.objc; path = ViewController.m; sourceTree = "<group>"; };
		B420127F1E0D373800ADE7AE /* LaunchScreen.storyboard */ = {isa = PBXFileReference; fileEncoding = 4; lastKnownFileType = file.storyboard; path = LaunchScreen.storyboard; sourceTree = "<group>"; };
		B42012831E0D373900ADE7AE /* InputComposer.h */ = {isa = PBXFileReference; fileEncoding = 4; lastKnownFileType = sourcecode.c.h; path = InputComposer.h; sourceTree = "<group>"; };
		B42012841E0D373900ADE7AE /* InputComposer.m */ = {isa = PBXFileReference; fileEncoding = 4; lastKnownFileType = sourcecode.c.objc; path = InputComposer.m; sourceTree = "<group>"; };
		B42012851E0D373900ADE7AE /* KeyboardConstans.h */ = {isa = PBXFileReference; fileEncoding = 4; lastKnownFileType = sourcecode.c.h; path = KeyboardConstans.h; sourceTree = "<group>"; };
		B42012861E0D373900ADE7AE /* KeyboardView.h */ = {isa = PBXFileReference; fileEncoding = 4; lastKnownFileType = sourcecode.c.h; path = KeyboardView.h; sourceTree = "<group>"; };
		B42012871E0D373900ADE7AE /* KeyboardView.m */ = {isa = PBXFileReference; fileEncoding = 4; lastKnownFileType = sourcecode.c.objc; path = KeyboardView.m; sourceTree = "<group>"; };
		B42012881E0D373900ADE7AE /* KeyboardView.xib */ = {isa = PBXFileReference; fileEncoding = 4; lastKnownFileType = file.xib; path = KeyboardView.xib; sourceTree = "<group>"; };
		B420128F1E0D394300ADE7AE /* Main.storyboard */ = {isa = PBXFileReference; fileEncoding = 4; lastKnownFileType = file.storyboard; path = Main.storyboard; sourceTree = "<group>"; };
/* End PBXFileReference section */

/* Begin PBXFrameworksBuildPhase section */
		B420125D1E0D360600ADE7AE /* Frameworks */ = {
			isa = PBXFrameworksBuildPhase;
			buildActionMask = 2147483647;
			files = (
			);
			runOnlyForDeploymentPostprocessing = 0;
		};
/* End PBXFrameworksBuildPhase section */

/* Begin PBXGroup section */
		B42012571E0D360600ADE7AE = {
			isa = PBXGroup;
			children = (
				B42012621E0D360600ADE7AE /* KeyboardCalculator */,
				B42012611E0D360600ADE7AE /* Products */,
			);
			sourceTree = "<group>";
		};
		B42012611E0D360600ADE7AE /* Products */ = {
			isa = PBXGroup;
			children = (
				B42012601E0D360600ADE7AE /* KeyboardCalculator.app */,
			);
			name = Products;
			sourceTree = "<group>";
		};
		B42012621E0D360600ADE7AE /* KeyboardCalculator */ = {
			isa = PBXGroup;
			children = (
				B420127A1E0D373800ADE7AE /* Controllers */,
				B420127D1E0D373800ADE7AE /* UIComponents */,
				B42012661E0D360600ADE7AE /* AppDelegate.h */,
				B42012671E0D360600ADE7AE /* AppDelegate.m */,
				B420126F1E0D360600ADE7AE /* Assets.xcassets */,
				B42012741E0D360600ADE7AE /* Info.plist */,
				B42012631E0D360600ADE7AE /* Supporting Files */,
			);
			path = KeyboardCalculator;
			sourceTree = "<group>";
		};
		B42012631E0D360600ADE7AE /* Supporting Files */ = {
			isa = PBXGroup;
			children = (
				B42012641E0D360600ADE7AE /* main.m */,
			);
			name = "Supporting Files";
			sourceTree = "<group>";
		};
		B420127A1E0D373800ADE7AE /* Controllers */ = {
			isa = PBXGroup;
			children = (
				B420127B1E0D373800ADE7AE /* ViewController.h */,
				B420127C1E0D373800ADE7AE /* ViewController.m */,
			);
			path = Controllers;
			sourceTree = "<group>";
		};
		B420127D1E0D373800ADE7AE /* UIComponents */ = {
			isa = PBXGroup;
			children = (
				B420127E1E0D373800ADE7AE /* StoryBoards */,
				B42012811E0D373800ADE7AE /* Views */,
			);
			path = UIComponents;
			sourceTree = "<group>";
		};
		B420127E1E0D373800ADE7AE /* StoryBoards */ = {
			isa = PBXGroup;
			children = (
				B420128F1E0D394300ADE7AE /* Main.storyboard */,
				B420127F1E0D373800ADE7AE /* LaunchScreen.storyboard */,
			);
			path = StoryBoards;
			sourceTree = "<group>";
		};
		B42012811E0D373800ADE7AE /* Views */ = {
			isa = PBXGroup;
			children = (
				B42012821E0D373900ADE7AE /* Keyboard */,
			);
			path = Views;
			sourceTree = "<group>";
		};
		B42012821E0D373900ADE7AE /* Keyboard */ = {
			isa = PBXGroup;
			children = (
				B42012831E0D373900ADE7AE /* InputComposer.h */,
				B42012841E0D373900ADE7AE /* InputComposer.m */,
				B42012851E0D373900ADE7AE /* KeyboardConstans.h */,
				B42012861E0D373900ADE7AE /* KeyboardView.h */,
				B42012871E0D373900ADE7AE /* KeyboardView.m */,
				B42012881E0D373900ADE7AE /* KeyboardView.xib */,
			);
			path = Keyboard;
			sourceTree = "<group>";
		};
/* End PBXGroup section */

/* Begin PBXNativeTarget section */
		B420125F1E0D360600ADE7AE /* KeyboardCalculator */ = {
			isa = PBXNativeTarget;
			buildConfigurationList = B42012771E0D360600ADE7AE /* Build configuration list for PBXNativeTarget "KeyboardCalculator" */;
			buildPhases = (
				B420125C1E0D360600ADE7AE /* Sources */,
				B420125D1E0D360600ADE7AE /* Frameworks */,
				B420125E1E0D360600ADE7AE /* Resources */,
			);
			buildRules = (
			);
			dependencies = (
			);
			name = KeyboardCalculator;
			productName = KeyboardCalculator;
			productReference = B42012601E0D360600ADE7AE /* KeyboardCalculator.app */;
			productType = "com.apple.product-type.application";
		};
/* End PBXNativeTarget section */

/* Begin PBXProject section */
		B42012581E0D360600ADE7AE /* Project object */ = {
			isa = PBXProject;
			attributes = {
				LastUpgradeCheck = 0820;
				ORGANIZATIONNAME = IvanKostromin;
				TargetAttributes = {
					B420125F1E0D360600ADE7AE = {
						CreatedOnToolsVersion = 8.2;
						DevelopmentTeam = YP2JKL463J;
						ProvisioningStyle = Automatic;
					};
				};
			};
			buildConfigurationList = B420125B1E0D360600ADE7AE /* Build configuration list for PBXProject "KeyboardCalculator" */;
			compatibilityVersion = "Xcode 3.2";
			developmentRegion = English;
			hasScannedForEncodings = 0;
			knownRegions = (
				en,
				Base,
			);
			mainGroup = B42012571E0D360600ADE7AE;
			productRefGroup = B42012611E0D360600ADE7AE /* Products */;
			projectDirPath = "";
			projectRoot = "";
			targets = (
				B420125F1E0D360600ADE7AE /* KeyboardCalculator */,
			);
		};
/* End PBXProject section */

/* Begin PBXResourcesBuildPhase section */
		B420125E1E0D360600ADE7AE /* Resources */ = {
			isa = PBXResourcesBuildPhase;
			buildActionMask = 2147483647;
			files = (
				B420128E1E0D373900ADE7AE /* KeyboardView.xib in Resources */,
				B42012701E0D360600ADE7AE /* Assets.xcassets in Resources */,
				B420128A1E0D373900ADE7AE /* LaunchScreen.storyboard in Resources */,
				B42012901E0D394300ADE7AE /* Main.storyboard in Resources */,
			);
			runOnlyForDeploymentPostprocessing = 0;
		};
/* End PBXResourcesBuildPhase section */

/* Begin PBXSourcesBuildPhase section */
		B420125C1E0D360600ADE7AE /* Sources */ = {
			isa = PBXSourcesBuildPhase;
			buildActionMask = 2147483647;
			files = (
				B42012891E0D373900ADE7AE /* ViewController.m in Sources */,
				B42012681E0D360600ADE7AE /* AppDelegate.m in Sources */,
				B420128D1E0D373900ADE7AE /* KeyboardView.m in Sources */,
				B420128C1E0D373900ADE7AE /* InputComposer.m in Sources */,
				B42012651E0D360600ADE7AE /* main.m in Sources */,
			);
			runOnlyForDeploymentPostprocessing = 0;
		};
/* End PBXSourcesBuildPhase section */

/* Begin XCBuildConfiguration section */
		B42012751E0D360600ADE7AE /* Debug */ = {
			isa = XCBuildConfiguration;
			buildSettings = {
				ALWAYS_SEARCH_USER_PATHS = NO;
				CLANG_ANALYZER_NONNULL = YES;
				CLANG_CXX_LANGUAGE_STANDARD = "gnu++0x";
				CLANG_CXX_LIBRARY = "libc++";
				CLANG_ENABLE_MODULES = YES;
				CLANG_ENABLE_OBJC_ARC = YES;
				CLANG_WARN_BOOL_CONVERSION = YES;
				CLANG_WARN_CONSTANT_CONVERSION = YES;
				CLANG_WARN_DIRECT_OBJC_ISA_USAGE = YES_ERROR;
				CLANG_WARN_DOCUMENTATION_COMMENTS = YES;
				CLANG_WARN_EMPTY_BODY = YES;
				CLANG_WARN_ENUM_CONVERSION = YES;
				CLANG_WARN_INFINITE_RECURSION = YES;
				CLANG_WARN_INT_CONVERSION = YES;
				CLANG_WARN_OBJC_ROOT_CLASS = YES_ERROR;
				CLANG_WARN_SUSPICIOUS_MOVE = YES;
				CLANG_WARN_UNREACHABLE_CODE = YES;
				CLANG_WARN__DUPLICATE_METHOD_MATCH = YES;
				"CODE_SIGN_IDENTITY[sdk=iphoneos*]" = "iPhone Developer";
				COPY_PHASE_STRIP = NO;
				DEBUG_INFORMATION_FORMAT = dwarf;
				ENABLE_STRICT_OBJC_MSGSEND = YES;
				ENABLE_TESTABILITY = YES;
				GCC_C_LANGUAGE_STANDARD = gnu99;
				GCC_DYNAMIC_NO_PIC = NO;
				GCC_NO_COMMON_BLOCKS = YES;
				GCC_OPTIMIZATION_LEVEL = 0;
				GCC_PREPROCESSOR_DEFINITIONS = (
					"DEBUG=1",
					"$(inherited)",
				);
				GCC_WARN_64_TO_32_BIT_CONVERSION = YES;
				GCC_WARN_ABOUT_RETURN_TYPE = YES_ERROR;
				GCC_WARN_UNDECLARED_SELECTOR = YES;
				GCC_WARN_UNINITIALIZED_AUTOS = YES_AGGRESSIVE;
				GCC_WARN_UNUSED_FUNCTION = YES;
				GCC_WARN_UNUSED_VARIABLE = YES;
				IPHONEOS_DEPLOYMENT_TARGET = 10.2;
				MTL_ENABLE_DEBUG_INFO = YES;
				ONLY_ACTIVE_ARCH = YES;
				SDKROOT = iphoneos;
			};
			name = Debug;
		};
		B42012761E0D360600ADE7AE /* Release */ = {
			isa = XCBuildConfiguration;
			buildSettings = {
				ALWAYS_SEARCH_USER_PATHS = NO;
				CLANG_ANALYZER_NONNULL = YES;
				CLANG_CXX_LANGUAGE_STANDARD = "gnu++0x";
				CLANG_CXX_LIBRARY = "libc++";
				CLANG_ENABLE_MODULES = YES;
				CLANG_ENABLE_OBJC_ARC = YES;
				CLANG_WARN_BOOL_CONVERSION = YES;
				CLANG_WARN_CONSTANT_CONVERSION = YES;
				CLANG_WARN_DIRECT_OBJC_ISA_USAGE = YES_ERROR;
				CLANG_WARN_DOCUMENTATION_COMMENTS = YES;
				CLANG_WARN_EMPTY_BODY = YES;
				CLANG_WARN_ENUM_CONVERSION = YES;
				CLANG_WARN_INFINITE_RECURSION = YES;
				CLANG_WARN_INT_CONVERSION = YES;
				CLANG_WARN_OBJC_ROOT_CLASS = YES_ERROR;
				CLANG_WARN_SUSPICIOUS_MOVE = YES;
				CLANG_WARN_UNREACHABLE_CODE = YES;
				CLANG_WARN__DUPLICATE_METHOD_MATCH = YES;
				"CODE_SIGN_IDENTITY[sdk=iphoneos*]" = "iPhone Developer";
				COPY_PHASE_STRIP = NO;
				DEBUG_INFORMATION_FORMAT = "dwarf-with-dsym";
				ENABLE_NS_ASSERTIONS = NO;
				ENABLE_STRICT_OBJC_MSGSEND = YES;
				GCC_C_LANGUAGE_STANDARD = gnu99;
				GCC_NO_COMMON_BLOCKS = YES;
				GCC_WARN_64_TO_32_BIT_CONVERSION = YES;
				GCC_WARN_ABOUT_RETURN_TYPE = YES_ERROR;
				GCC_WARN_UNDECLARED_SELECTOR = YES;
				GCC_WARN_UNINITIALIZED_AUTOS = YES_AGGRESSIVE;
				GCC_WARN_UNUSED_FUNCTION = YES;
				GCC_WARN_UNUSED_VARIABLE = YES;
				IPHONEOS_DEPLOYMENT_TARGET = 10.2;
				MTL_ENABLE_DEBUG_INFO = NO;
				SDKROOT = iphoneos;
				VALIDATE_PRODUCT = YES;
			};
			name = Release;
		};
		B42012781E0D360600ADE7AE /* Debug */ = {
			isa = XCBuildConfiguration;
			buildSettings = {
				ASSETCATALOG_COMPILER_APPICON_NAME = AppIcon;
				CODE_SIGN_IDENTITY = "iPhone Developer";
				DEVELOPMENT_TEAM = YP2JKL463J;
				INFOPLIST_FILE = KeyboardCalculator/Info.plist;
				IPHONEOS_DEPLOYMENT_TARGET = 9.0;
				LD_RUNPATH_SEARCH_PATHS = "$(inherited) @executable_path/Frameworks";
				PRODUCT_BUNDLE_IDENTIFIER = IvanKostromin.KeyboardCalculator;
				PRODUCT_NAME = "$(TARGET_NAME)";
			};
			name = Debug;
		};
		B42012791E0D360600ADE7AE /* Release */ = {
			isa = XCBuildConfiguration;
			buildSettings = {
				ASSETCATALOG_COMPILER_APPICON_NAME = AppIcon;
				CODE_SIGN_IDENTITY = "iPhone Developer";
				DEVELOPMENT_TEAM = YP2JKL463J;
				INFOPLIST_FILE = KeyboardCalculator/Info.plist;
				IPHONEOS_DEPLOYMENT_TARGET = 9.0;
				LD_RUNPATH_SEARCH_PATHS = "$(inherited) @executable_path/Frameworks";
				PRODUCT_BUNDLE_IDENTIFIER = IvanKostromin.KeyboardCalculator;
				PRODUCT_NAME = "$(TARGET_NAME)";
			};
			name = Release;
		};
/* End XCBuildConfiguration section */

/* Begin XCConfigurationList section */
		B420125B1E0D360600ADE7AE /* Build configuration list for PBXProject "KeyboardCalculator" */ = {
			isa = XCConfigurationList;
			buildConfigurations = (
				B42012751E0D360600ADE7AE /* Debug */,
				B42012761E0D360600ADE7AE /* Release */,
			);
			defaultConfigurationIsVisible = 0;
			defaultConfigurationName = Release;
		};
		B42012771E0D360600ADE7AE /* Build configuration list for PBXNativeTarget "KeyboardCalculator" */ = {
			isa = XCConfigurationList;
			buildConfigurations = (
				B42012781E0D360600ADE7AE /* Debug */,
				B42012791E0D360600ADE7AE /* Release */,
			);
			defaultConfigurationIsVisible = 0;
			defaultConfigurationName = Release;
		};
/* End XCConfigurationList section */
	};
	rootObject = B42012581E0D360600ADE7AE /* Project object */;
}
